// !$*UTF8*$!
{
	archiveVersion = 1;
	classes = {
	};
	objectVersion = 46;
	objects = {

/* Begin PBXAggregateTarget section */
		"SwiftCrypto::SwiftCryptoPackageTests::ProductTarget" /* SwiftCryptoPackageTests */ = {
			isa = PBXAggregateTarget;
			buildConfigurationList = OBJ_68 /* Build configuration list for PBXAggregateTarget "SwiftCryptoPackageTests" */;
			buildPhases = (
			);
			dependencies = (
				OBJ_71 /* PBXTargetDependency */,
			);
			name = SwiftCryptoPackageTests;
			productName = SwiftCryptoPackageTests;
		};
/* End PBXAggregateTarget section */

/* Begin PBXBuildFile section */
		5563EF071F72AD07001A99A9 /* CryptoError.swift in Sources */ = {isa = PBXBuildFile; fileRef = 5563EF061F72AD07001A99A9 /* CryptoError.swift */; };
		5563EF0B1F72B7DD001A99A9 /* RawBytesProviding.swift in Sources */ = {isa = PBXBuildFile; fileRef = 5563EF0A1F72B7DD001A99A9 /* RawBytesProviding.swift */; };
		5563EF0E1F72BC05001A99A9 /* HashTestData.swift in Sources */ = {isa = PBXBuildFile; fileRef = 5563EF0C1F72BC00001A99A9 /* HashTestData.swift */; };
		5563EF101F72BC60001A99A9 /* Exports.swift in Sources */ = {isa = PBXBuildFile; fileRef = 5563EF0F1F72BC5F001A99A9 /* Exports.swift */; };
		5563EF121F72C1E9001A99A9 /* Hex.swift in Sources */ = {isa = PBXBuildFile; fileRef = 5563EF111F72C1E9001A99A9 /* Hex.swift */; };
		5563EF191F72C8F8001A99A9 /* HexTests.swift in Sources */ = {isa = PBXBuildFile; fileRef = 5563EF181F72C8F8001A99A9 /* HexTests.swift */; };
		5563EF1B1F72CE2E001A99A9 /* HMACKey.swift in Sources */ = {isa = PBXBuildFile; fileRef = 5563EF1A1F72CE2E001A99A9 /* HMACKey.swift */; };
		5563EF1F1F72D5FC001A99A9 /* Hash.framework in Frameworks */ = {isa = PBXBuildFile; fileRef = "SwiftCrypto::Hash::Product" /* Hash.framework */; };
		5563EF211F72DA4D001A99A9 /* KeyPair.swift in Sources */ = {isa = PBXBuildFile; fileRef = 5563EF201F72DA4D001A99A9 /* KeyPair.swift */; };
		OBJ_28 /* Package.swift in Sources */ = {isa = PBXBuildFile; fileRef = OBJ_6 /* Package.swift */; };
		OBJ_34 /* HashTests.swift in Sources */ = {isa = PBXBuildFile; fileRef = OBJ_16 /* HashTests.swift */; };
		OBJ_36 /* Signature.framework in Frameworks */ = {isa = PBXBuildFile; fileRef = "SwiftCrypto::Signature::Product" /* Signature.framework */; };
		OBJ_37 /* Hash.framework in Frameworks */ = {isa = PBXBuildFile; fileRef = "SwiftCrypto::Hash::Product" /* Hash.framework */; };
		OBJ_38 /* CryptoSupport.framework in Frameworks */ = {isa = PBXBuildFile; fileRef = "SwiftCrypto::CryptoSupport::Product" /* CryptoSupport.framework */; };
		OBJ_49 /* Signature.swift in Sources */ = {isa = PBXBuildFile; fileRef = OBJ_13 /* Signature.swift */; };
		OBJ_51 /* CryptoSupport.framework in Frameworks */ = {isa = PBXBuildFile; fileRef = "SwiftCrypto::CryptoSupport::Product" /* CryptoSupport.framework */; };
		OBJ_57 /* Hash.swift in Sources */ = {isa = PBXBuildFile; fileRef = OBJ_11 /* Hash.swift */; };
		OBJ_59 /* CryptoSupport.framework in Frameworks */ = {isa = PBXBuildFile; fileRef = "SwiftCrypto::CryptoSupport::Product" /* CryptoSupport.framework */; };
		OBJ_65 /* CryptoProvider.swift in Sources */ = {isa = PBXBuildFile; fileRef = OBJ_9 /* CryptoProvider.swift */; };
/* End PBXBuildFile section */

/* Begin PBXContainerItemProxy section */
		5563EF001F72A8C2001A99A9 /* PBXContainerItemProxy */ = {
			isa = PBXContainerItemProxy;
			containerPortal = OBJ_1 /* Project object */;
			proxyType = 1;
			remoteGlobalIDString = "SwiftCrypto::CryptoSupport";
			remoteInfo = CryptoSupport;
		};
		5563EF011F72A8C2001A99A9 /* PBXContainerItemProxy */ = {
			isa = PBXContainerItemProxy;
			containerPortal = OBJ_1 /* Project object */;
			proxyType = 1;
			remoteGlobalIDString = "SwiftCrypto::CryptoSupport";
			remoteInfo = CryptoSupport;
		};
		5563EF021F72A8C2001A99A9 /* PBXContainerItemProxy */ = {
			isa = PBXContainerItemProxy;
			containerPortal = OBJ_1 /* Project object */;
			proxyType = 1;
			remoteGlobalIDString = "SwiftCrypto::Signature";
			remoteInfo = Signature;
		};
		5563EF031F72A8C2001A99A9 /* PBXContainerItemProxy */ = {
			isa = PBXContainerItemProxy;
			containerPortal = OBJ_1 /* Project object */;
			proxyType = 1;
			remoteGlobalIDString = "SwiftCrypto::Hash";
			remoteInfo = Hash;
		};
		5563EF041F72A8C2001A99A9 /* PBXContainerItemProxy */ = {
			isa = PBXContainerItemProxy;
			containerPortal = OBJ_1 /* Project object */;
			proxyType = 1;
			remoteGlobalIDString = "SwiftCrypto::CryptoSupport";
			remoteInfo = CryptoSupport;
		};
		5563EF051F72A8C2001A99A9 /* PBXContainerItemProxy */ = {
			isa = PBXContainerItemProxy;
			containerPortal = OBJ_1 /* Project object */;
			proxyType = 1;
			remoteGlobalIDString = "SwiftCrypto::SwiftCryptoTests";
			remoteInfo = SwiftCryptoTests;
		};
		5563EF1C1F72D5F6001A99A9 /* PBXContainerItemProxy */ = {
			isa = PBXContainerItemProxy;
			containerPortal = OBJ_1 /* Project object */;
			proxyType = 1;
			remoteGlobalIDString = "SwiftCrypto::Hash";
			remoteInfo = Hash;
		};
/* End PBXContainerItemProxy section */

/* Begin PBXFileReference section */
		5563EF061F72AD07001A99A9 /* CryptoError.swift */ = {isa = PBXFileReference; lastKnownFileType = sourcecode.swift; path = CryptoError.swift; sourceTree = "<group>"; };
		5563EF0A1F72B7DD001A99A9 /* RawBytesProviding.swift */ = {isa = PBXFileReference; lastKnownFileType = sourcecode.swift; path = RawBytesProviding.swift; sourceTree = "<group>"; };
		5563EF0C1F72BC00001A99A9 /* HashTestData.swift */ = {isa = PBXFileReference; lastKnownFileType = sourcecode.swift; path = HashTestData.swift; sourceTree = "<group>"; };
		5563EF0F1F72BC5F001A99A9 /* Exports.swift */ = {isa = PBXFileReference; lastKnownFileType = sourcecode.swift; path = Exports.swift; sourceTree = "<group>"; };
		5563EF111F72C1E9001A99A9 /* Hex.swift */ = {isa = PBXFileReference; lastKnownFileType = sourcecode.swift; path = Hex.swift; sourceTree = "<group>"; };
		5563EF181F72C8F8001A99A9 /* HexTests.swift */ = {isa = PBXFileReference; lastKnownFileType = sourcecode.swift; path = HexTests.swift; sourceTree = "<group>"; };
		5563EF1A1F72CE2E001A99A9 /* HMACKey.swift */ = {isa = PBXFileReference; lastKnownFileType = sourcecode.swift; path = HMACKey.swift; sourceTree = "<group>"; };
		5563EF201F72DA4D001A99A9 /* KeyPair.swift */ = {isa = PBXFileReference; lastKnownFileType = sourcecode.swift; path = KeyPair.swift; sourceTree = "<group>"; };
		OBJ_11 /* Hash.swift */ = {isa = PBXFileReference; lastKnownFileType = sourcecode.swift; path = Hash.swift; sourceTree = "<group>"; };
		OBJ_13 /* Signature.swift */ = {isa = PBXFileReference; lastKnownFileType = sourcecode.swift; path = Signature.swift; sourceTree = "<group>"; };
		OBJ_16 /* HashTests.swift */ = {isa = PBXFileReference; lastKnownFileType = sourcecode.swift; path = HashTests.swift; sourceTree = "<group>"; };
		OBJ_6 /* Package.swift */ = {isa = PBXFileReference; explicitFileType = sourcecode.swift; path = Package.swift; sourceTree = "<group>"; };
		OBJ_9 /* CryptoProvider.swift */ = {isa = PBXFileReference; lastKnownFileType = sourcecode.swift; path = CryptoProvider.swift; sourceTree = "<group>"; };
		"SwiftCrypto::CryptoSupport::Product" /* CryptoSupport.framework */ = {isa = PBXFileReference; explicitFileType = wrapper.framework; path = CryptoSupport.framework; sourceTree = BUILT_PRODUCTS_DIR; };
		"SwiftCrypto::Hash::Product" /* Hash.framework */ = {isa = PBXFileReference; explicitFileType = wrapper.framework; path = Hash.framework; sourceTree = BUILT_PRODUCTS_DIR; };
		"SwiftCrypto::Signature::Product" /* Signature.framework */ = {isa = PBXFileReference; explicitFileType = wrapper.framework; path = Signature.framework; sourceTree = BUILT_PRODUCTS_DIR; };
		"SwiftCrypto::SwiftCryptoTests::Product" /* SwiftCryptoTests.xctest */ = {isa = PBXFileReference; lastKnownFileType = file; path = SwiftCryptoTests.xctest; sourceTree = BUILT_PRODUCTS_DIR; };
/* End PBXFileReference section */

/* Begin PBXFrameworksBuildPhase section */
		OBJ_35 /* Frameworks */ = {
			isa = PBXFrameworksBuildPhase;
			buildActionMask = 0;
			files = (
				OBJ_36 /* Signature.framework in Frameworks */,
				OBJ_37 /* Hash.framework in Frameworks */,
				OBJ_38 /* CryptoSupport.framework in Frameworks */,
			);
			runOnlyForDeploymentPostprocessing = 0;
		};
		OBJ_50 /* Frameworks */ = {
			isa = PBXFrameworksBuildPhase;
			buildActionMask = 0;
			files = (
				5563EF1F1F72D5FC001A99A9 /* Hash.framework in Frameworks */,
				OBJ_51 /* CryptoSupport.framework in Frameworks */,
			);
			runOnlyForDeploymentPostprocessing = 0;
		};
		OBJ_58 /* Frameworks */ = {
			isa = PBXFrameworksBuildPhase;
			buildActionMask = 0;
			files = (
				OBJ_59 /* CryptoSupport.framework in Frameworks */,
			);
			runOnlyForDeploymentPostprocessing = 0;
		};
		OBJ_66 /* Frameworks */ = {
			isa = PBXFrameworksBuildPhase;
			buildActionMask = 0;
			files = (
			);
			runOnlyForDeploymentPostprocessing = 0;
		};
/* End PBXFrameworksBuildPhase section */

/* Begin PBXGroup section */
		5563EF151F72C5D2001A99A9 /* Hash */ = {
			isa = PBXGroup;
			children = (
				OBJ_16 /* HashTests.swift */,
				5563EF0C1F72BC00001A99A9 /* HashTestData.swift */,
			);
			path = Hash;
			sourceTree = "<group>";
		};
		5563EF171F72C5E7001A99A9 /* CryptoSupport */ = {
			isa = PBXGroup;
			children = (
				5563EF181F72C8F8001A99A9 /* HexTests.swift */,
			);
			path = CryptoSupport;
			sourceTree = "<group>";
		};
		5563EF1E1F72D5FC001A99A9 /* Frameworks */ = {
			isa = PBXGroup;
			children = (
			);
			name = Frameworks;
			sourceTree = "<group>";
		};
		OBJ_10 /* Hash */ = {
			isa = PBXGroup;
			children = (
				5563EF0F1F72BC5F001A99A9 /* Exports.swift */,
				OBJ_11 /* Hash.swift */,
			);
			name = Hash;
			path = Sources/Hash;
			sourceTree = SOURCE_ROOT;
		};
		OBJ_12 /* Signature */ = {
			isa = PBXGroup;
			children = (
				OBJ_13 /* Signature.swift */,
				5563EF1A1F72CE2E001A99A9 /* HMACKey.swift */,
				5563EF201F72DA4D001A99A9 /* KeyPair.swift */,
			);
			name = Signature;
			path = Sources/Signature;
			sourceTree = SOURCE_ROOT;
		};
		OBJ_14 /* Tests */ = {
			isa = PBXGroup;
			children = (
				OBJ_15 /* SwiftCryptoTests */,
			);
			name = Tests;
			sourceTree = SOURCE_ROOT;
		};
		OBJ_15 /* SwiftCryptoTests */ = {
			isa = PBXGroup;
			children = (
				5563EF171F72C5E7001A99A9 /* CryptoSupport */,
				5563EF151F72C5D2001A99A9 /* Hash */,
			);
			name = SwiftCryptoTests;
			path = Tests/SwiftCryptoTests;
			sourceTree = SOURCE_ROOT;
		};
		OBJ_17 /* Dependencies */ = {
			isa = PBXGroup;
			children = (
			);
			name = Dependencies;
			sourceTree = "<group>";
		};
		OBJ_18 /* Products */ = {
			isa = PBXGroup;
			children = (
				"SwiftCrypto::SwiftCryptoTests::Product" /* SwiftCryptoTests.xctest */,
				"SwiftCrypto::Signature::Product" /* Signature.framework */,
				"SwiftCrypto::Hash::Product" /* Hash.framework */,
				"SwiftCrypto::CryptoSupport::Product" /* CryptoSupport.framework */,
			);
			name = Products;
			sourceTree = BUILT_PRODUCTS_DIR;
		};
		OBJ_5 = {
			isa = PBXGroup;
			children = (
				OBJ_6 /* Package.swift */,
				OBJ_7 /* Sources */,
				OBJ_14 /* Tests */,
				OBJ_17 /* Dependencies */,
				OBJ_18 /* Products */,
				5563EF1E1F72D5FC001A99A9 /* Frameworks */,
			);
			sourceTree = "<group>";
		};
		OBJ_7 /* Sources */ = {
			isa = PBXGroup;
			children = (
				OBJ_8 /* CryptoSupport */,
				OBJ_10 /* Hash */,
				OBJ_12 /* Signature */,
			);
			name = Sources;
			sourceTree = SOURCE_ROOT;
		};
		OBJ_8 /* CryptoSupport */ = {
			isa = PBXGroup;
			children = (
				5563EF111F72C1E9001A99A9 /* Hex.swift */,
				5563EF0A1F72B7DD001A99A9 /* RawBytesProviding.swift */,
				OBJ_9 /* CryptoProvider.swift */,
				5563EF061F72AD07001A99A9 /* CryptoError.swift */,
			);
			name = CryptoSupport;
			path = Sources/CryptoSupport;
			sourceTree = SOURCE_ROOT;
		};
/* End PBXGroup section */

/* Begin PBXNativeTarget section */
		"SwiftCrypto::CryptoSupport" /* CryptoSupport */ = {
			isa = PBXNativeTarget;
			buildConfigurationList = OBJ_61 /* Build configuration list for PBXNativeTarget "CryptoSupport" */;
			buildPhases = (
				OBJ_64 /* Sources */,
				OBJ_66 /* Frameworks */,
			);
			buildRules = (
			);
			dependencies = (
			);
			name = CryptoSupport;
			productName = CryptoSupport;
			productReference = "SwiftCrypto::CryptoSupport::Product" /* CryptoSupport.framework */;
			productType = "com.apple.product-type.framework";
		};
		"SwiftCrypto::Hash" /* Hash */ = {
			isa = PBXNativeTarget;
			buildConfigurationList = OBJ_53 /* Build configuration list for PBXNativeTarget "Hash" */;
			buildPhases = (
				OBJ_56 /* Sources */,
				OBJ_58 /* Frameworks */,
			);
			buildRules = (
			);
			dependencies = (
				OBJ_60 /* PBXTargetDependency */,
			);
			name = Hash;
			productName = Hash;
			productReference = "SwiftCrypto::Hash::Product" /* Hash.framework */;
			productType = "com.apple.product-type.framework";
		};
		"SwiftCrypto::Signature" /* Signature */ = {
			isa = PBXNativeTarget;
			buildConfigurationList = OBJ_45 /* Build configuration list for PBXNativeTarget "Signature" */;
			buildPhases = (
				OBJ_48 /* Sources */,
				OBJ_50 /* Frameworks */,
			);
			buildRules = (
			);
			dependencies = (
				5563EF1D1F72D5F6001A99A9 /* PBXTargetDependency */,
				OBJ_52 /* PBXTargetDependency */,
			);
			name = Signature;
			productName = Signature;
			productReference = "SwiftCrypto::Signature::Product" /* Signature.framework */;
			productType = "com.apple.product-type.framework";
		};
		"SwiftCrypto::SwiftCryptoTests" /* SwiftCryptoTests */ = {
			isa = PBXNativeTarget;
			buildConfigurationList = OBJ_30 /* Build configuration list for PBXNativeTarget "SwiftCryptoTests" */;
			buildPhases = (
				OBJ_33 /* Sources */,
				OBJ_35 /* Frameworks */,
			);
			buildRules = (
			);
			dependencies = (
				OBJ_39 /* PBXTargetDependency */,
				OBJ_41 /* PBXTargetDependency */,
				OBJ_43 /* PBXTargetDependency */,
			);
			name = SwiftCryptoTests;
			productName = SwiftCryptoTests;
			productReference = "SwiftCrypto::SwiftCryptoTests::Product" /* SwiftCryptoTests.xctest */;
			productType = "com.apple.product-type.bundle.unit-test";
		};
		"SwiftCrypto::SwiftPMPackageDescription" /* SwiftCryptoPackageDescription */ = {
			isa = PBXNativeTarget;
			buildConfigurationList = OBJ_24 /* Build configuration list for PBXNativeTarget "SwiftCryptoPackageDescription" */;
			buildPhases = (
				OBJ_27 /* Sources */,
			);
			buildRules = (
			);
			dependencies = (
			);
			name = SwiftCryptoPackageDescription;
			productName = SwiftCryptoPackageDescription;
			productType = "com.apple.product-type.framework";
		};
/* End PBXNativeTarget section */

/* Begin PBXProject section */
		OBJ_1 /* Project object */ = {
			isa = PBXProject;
			attributes = {
				LastUpgradeCheck = 9999;
			};
			buildConfigurationList = OBJ_2 /* Build configuration list for PBXProject "SwiftCrypto" */;
			compatibilityVersion = "Xcode 3.2";
			developmentRegion = English;
			hasScannedForEncodings = 0;
			knownRegions = (
				en,
			);
			mainGroup = OBJ_5;
			productRefGroup = OBJ_18 /* Products */;
			projectDirPath = "";
			projectRoot = "";
			targets = (
				"SwiftCrypto::SwiftPMPackageDescription" /* SwiftCryptoPackageDescription */,
				"SwiftCrypto::SwiftCryptoTests" /* SwiftCryptoTests */,
				"SwiftCrypto::Signature" /* Signature */,
				"SwiftCrypto::Hash" /* Hash */,
				"SwiftCrypto::CryptoSupport" /* CryptoSupport */,
				"SwiftCrypto::SwiftCryptoPackageTests::ProductTarget" /* SwiftCryptoPackageTests */,
			);
		};
/* End PBXProject section */

/* Begin PBXSourcesBuildPhase section */
		OBJ_27 /* Sources */ = {
			isa = PBXSourcesBuildPhase;
			buildActionMask = 0;
			files = (
				OBJ_28 /* Package.swift in Sources */,
			);
			runOnlyForDeploymentPostprocessing = 0;
		};
		OBJ_33 /* Sources */ = {
			isa = PBXSourcesBuildPhase;
			buildActionMask = 0;
			files = (
				OBJ_34 /* HashTests.swift in Sources */,
				5563EF191F72C8F8001A99A9 /* HexTests.swift in Sources */,
				5563EF0E1F72BC05001A99A9 /* HashTestData.swift in Sources */,
			);
			runOnlyForDeploymentPostprocessing = 0;
		};
		OBJ_48 /* Sources */ = {
			isa = PBXSourcesBuildPhase;
			buildActionMask = 0;
			files = (
				5563EF211F72DA4D001A99A9 /* KeyPair.swift in Sources */,
				5563EF1B1F72CE2E001A99A9 /* HMACKey.swift in Sources */,
				OBJ_49 /* Signature.swift in Sources */,
			);
			runOnlyForDeploymentPostprocessing = 0;
		};
		OBJ_56 /* Sources */ = {
			isa = PBXSourcesBuildPhase;
			buildActionMask = 0;
			files = (
				OBJ_57 /* Hash.swift in Sources */,
				5563EF101F72BC60001A99A9 /* Exports.swift in Sources */,
			);
			runOnlyForDeploymentPostprocessing = 0;
		};
		OBJ_64 /* Sources */ = {
			isa = PBXSourcesBuildPhase;
			buildActionMask = 0;
			files = (
				OBJ_65 /* CryptoProvider.swift in Sources */,
				5563EF121F72C1E9001A99A9 /* Hex.swift in Sources */,
				5563EF0B1F72B7DD001A99A9 /* RawBytesProviding.swift in Sources */,
				5563EF071F72AD07001A99A9 /* CryptoError.swift in Sources */,
			);
			runOnlyForDeploymentPostprocessing = 0;
		};
/* End PBXSourcesBuildPhase section */

/* Begin PBXTargetDependency section */
		5563EF1D1F72D5F6001A99A9 /* PBXTargetDependency */ = {
			isa = PBXTargetDependency;
			target = "SwiftCrypto::Hash" /* Hash */;
			targetProxy = 5563EF1C1F72D5F6001A99A9 /* PBXContainerItemProxy */;
		};
		OBJ_39 /* PBXTargetDependency */ = {
			isa = PBXTargetDependency;
			target = "SwiftCrypto::Signature" /* Signature */;
			targetProxy = 5563EF021F72A8C2001A99A9 /* PBXContainerItemProxy */;
		};
		OBJ_41 /* PBXTargetDependency */ = {
			isa = PBXTargetDependency;
			target = "SwiftCrypto::Hash" /* Hash */;
			targetProxy = 5563EF031F72A8C2001A99A9 /* PBXContainerItemProxy */;
		};
		OBJ_43 /* PBXTargetDependency */ = {
			isa = PBXTargetDependency;
			target = "SwiftCrypto::CryptoSupport" /* CryptoSupport */;
			targetProxy = 5563EF041F72A8C2001A99A9 /* PBXContainerItemProxy */;
		};
		OBJ_52 /* PBXTargetDependency */ = {
			isa = PBXTargetDependency;
			target = "SwiftCrypto::CryptoSupport" /* CryptoSupport */;
			targetProxy = 5563EF001F72A8C2001A99A9 /* PBXContainerItemProxy */;
		};
		OBJ_60 /* PBXTargetDependency */ = {
			isa = PBXTargetDependency;
			target = "SwiftCrypto::CryptoSupport" /* CryptoSupport */;
			targetProxy = 5563EF011F72A8C2001A99A9 /* PBXContainerItemProxy */;
		};
		OBJ_71 /* PBXTargetDependency */ = {
			isa = PBXTargetDependency;
			target = "SwiftCrypto::SwiftCryptoTests" /* SwiftCryptoTests */;
			targetProxy = 5563EF051F72A8C2001A99A9 /* PBXContainerItemProxy */;
		};
/* End PBXTargetDependency section */

/* Begin XCBuildConfiguration section */
		OBJ_25 /* Debug */ = {
			isa = XCBuildConfiguration;
			buildSettings = {
				LD = /usr/bin/true;
				OTHER_SWIFT_FLAGS = "-swift-version 4 -I /Applications/Xcode.app/Contents/Developer/Toolchains/XcodeDefault.xctoolchain/usr/lib/swift/pm/4 -target x86_64-apple-macosx10.10 -sdk /Applications/Xcode.app/Contents/Developer/Platforms/MacOSX.platform/Developer/SDKs/MacOSX10.13.sdk";
				SWIFT_VERSION = 4.0;
			};
			name = Debug;
		};
		OBJ_26 /* Release */ = {
			isa = XCBuildConfiguration;
			buildSettings = {
				LD = /usr/bin/true;
				OTHER_SWIFT_FLAGS = "-swift-version 4 -I /Applications/Xcode.app/Contents/Developer/Toolchains/XcodeDefault.xctoolchain/usr/lib/swift/pm/4 -target x86_64-apple-macosx10.10 -sdk /Applications/Xcode.app/Contents/Developer/Platforms/MacOSX.platform/Developer/SDKs/MacOSX10.13.sdk";
				SWIFT_VERSION = 4.0;
			};
			name = Release;
		};
		OBJ_3 /* Debug */ = {
			isa = XCBuildConfiguration;
			buildSettings = {
				CLANG_ENABLE_OBJC_ARC = YES;
				COMBINE_HIDPI_IMAGES = YES;
				COPY_PHASE_STRIP = NO;
				DEBUG_INFORMATION_FORMAT = dwarf;
				DYLIB_INSTALL_NAME_BASE = "@rpath";
				ENABLE_NS_ASSERTIONS = YES;
				GCC_OPTIMIZATION_LEVEL = 0;
				HEADER_SEARCH_PATHS = /usr/local/opt/openssl/include;
				MACOSX_DEPLOYMENT_TARGET = 10.10;
				ONLY_ACTIVE_ARCH = YES;
				OTHER_LDFLAGS = "-L/usr/local/opt/openssl/lib";
				OTHER_SWIFT_FLAGS = "-DXcode";
				PRODUCT_NAME = "$(TARGET_NAME)";
				SDKROOT = macosx;
				SUPPORTED_PLATFORMS = macosx;
				SWIFT_ACTIVE_COMPILATION_CONDITIONS = SWIFT_PACKAGE;
				SWIFT_OPTIMIZATION_LEVEL = "-Onone";
				USE_HEADERMAP = NO;
			};
			name = Debug;
		};
		OBJ_31 /* Debug */ = {
			isa = XCBuildConfiguration;
			buildSettings = {
				EMBEDDED_CONTENT_CONTAINS_SWIFT = YES;
				FRAMEWORK_SEARCH_PATHS = (
					"$(inherited)",
					"$(PLATFORM_DIR)/Developer/Library/Frameworks",
				);
				HEADER_SEARCH_PATHS = (
					"$(inherited)",
					"$(SRCROOT)/.build/checkouts/ctls--3121380376349719755",
				);
				INFOPLIST_FILE = SwiftCrypto.xcodeproj/SwiftCryptoTests_Info.plist;
				LD_RUNPATH_SEARCH_PATHS = "@loader_path/../Frameworks @loader_path/Frameworks";
				OTHER_LDFLAGS = "$(inherited)";
				OTHER_SWIFT_FLAGS = "$(inherited)";
				SWIFT_VERSION = 4.0;
				TARGET_NAME = SwiftCryptoTests;
			};
			name = Debug;
		};
		OBJ_32 /* Release */ = {
			isa = XCBuildConfiguration;
			buildSettings = {
				EMBEDDED_CONTENT_CONTAINS_SWIFT = YES;
				FRAMEWORK_SEARCH_PATHS = (
					"$(inherited)",
					"$(PLATFORM_DIR)/Developer/Library/Frameworks",
				);
				HEADER_SEARCH_PATHS = (
					"$(inherited)",
					"$(SRCROOT)/.build/checkouts/ctls--3121380376349719755",
				);
				INFOPLIST_FILE = SwiftCrypto.xcodeproj/SwiftCryptoTests_Info.plist;
				LD_RUNPATH_SEARCH_PATHS = "@loader_path/../Frameworks @loader_path/Frameworks";
				OTHER_LDFLAGS = "$(inherited)";
				OTHER_SWIFT_FLAGS = "$(inherited)";
				SWIFT_VERSION = 4.0;
				TARGET_NAME = SwiftCryptoTests;
			};
			name = Release;
		};
		OBJ_4 /* Release */ = {
			isa = XCBuildConfiguration;
			buildSettings = {
				CLANG_ENABLE_OBJC_ARC = YES;
				COMBINE_HIDPI_IMAGES = YES;
				COPY_PHASE_STRIP = YES;
				DEBUG_INFORMATION_FORMAT = "dwarf-with-dsym";
				DYLIB_INSTALL_NAME_BASE = "@rpath";
				GCC_OPTIMIZATION_LEVEL = s;
				HEADER_SEARCH_PATHS = /usr/local/opt/openssl/include;
				MACOSX_DEPLOYMENT_TARGET = 10.10;
				OTHER_LDFLAGS = "-L/usr/local/opt/openssl/lib";
				OTHER_SWIFT_FLAGS = "-DXcode";
				PRODUCT_NAME = "$(TARGET_NAME)";
				SDKROOT = macosx;
				SUPPORTED_PLATFORMS = macosx;
				SWIFT_ACTIVE_COMPILATION_CONDITIONS = SWIFT_PACKAGE;
				SWIFT_OPTIMIZATION_LEVEL = "-Owholemodule";
				USE_HEADERMAP = NO;
			};
			name = Release;
		};
		OBJ_46 /* Debug */ = {
			isa = XCBuildConfiguration;
			buildSettings = {
				ENABLE_TESTABILITY = YES;
				FRAMEWORK_SEARCH_PATHS = (
					"$(inherited)",
					"$(PLATFORM_DIR)/Developer/Library/Frameworks",
				);
				HEADER_SEARCH_PATHS = (
					"$(inherited)",
					"$(SRCROOT)/.build/checkouts/ctls--3121380376349719755",
				);
				INFOPLIST_FILE = SwiftCrypto.xcodeproj/Signature_Info.plist;
				LD_RUNPATH_SEARCH_PATHS = "$(TOOLCHAIN_DIR)/usr/lib/swift/macosx";
				OTHER_LDFLAGS = "$(inherited)";
				OTHER_SWIFT_FLAGS = "$(inherited)";
				PRODUCT_BUNDLE_IDENTIFIER = Signature;
				PRODUCT_MODULE_NAME = "$(TARGET_NAME:c99extidentifier)";
				PRODUCT_NAME = "$(TARGET_NAME:c99extidentifier)";
				SKIP_INSTALL = YES;
				SWIFT_VERSION = 4.0;
				TARGET_NAME = Signature;
			};
			name = Debug;
		};
		OBJ_47 /* Release */ = {
			isa = XCBuildConfiguration;
			buildSettings = {
				ENABLE_TESTABILITY = YES;
				FRAMEWORK_SEARCH_PATHS = (
					"$(inherited)",
					"$(PLATFORM_DIR)/Developer/Library/Frameworks",
				);
				HEADER_SEARCH_PATHS = (
					"$(inherited)",
					"$(SRCROOT)/.build/checkouts/ctls--3121380376349719755",
				);
				INFOPLIST_FILE = SwiftCrypto.xcodeproj/Signature_Info.plist;
				LD_RUNPATH_SEARCH_PATHS = "$(TOOLCHAIN_DIR)/usr/lib/swift/macosx";
				OTHER_LDFLAGS = "$(inherited)";
				OTHER_SWIFT_FLAGS = "$(inherited)";
				PRODUCT_BUNDLE_IDENTIFIER = Signature;
				PRODUCT_MODULE_NAME = "$(TARGET_NAME:c99extidentifier)";
				PRODUCT_NAME = "$(TARGET_NAME:c99extidentifier)";
				SKIP_INSTALL = YES;
				SWIFT_VERSION = 4.0;
				TARGET_NAME = Signature;
			};
			name = Release;
		};
		OBJ_54 /* Debug */ = {
			isa = XCBuildConfiguration;
			buildSettings = {
				ENABLE_TESTABILITY = YES;
				FRAMEWORK_SEARCH_PATHS = (
					"$(inherited)",
					"$(PLATFORM_DIR)/Developer/Library/Frameworks",
				);
				HEADER_SEARCH_PATHS = (
					"$(inherited)",
					"$(SRCROOT)/.build/checkouts/ctls--3121380376349719755",
				);
				INFOPLIST_FILE = SwiftCrypto.xcodeproj/Hash_Info.plist;
				LD_RUNPATH_SEARCH_PATHS = "$(TOOLCHAIN_DIR)/usr/lib/swift/macosx";
				OTHER_LDFLAGS = "$(inherited)";
				OTHER_SWIFT_FLAGS = "$(inherited)";
				PRODUCT_BUNDLE_IDENTIFIER = Hash;
				PRODUCT_MODULE_NAME = "$(TARGET_NAME:c99extidentifier)";
				PRODUCT_NAME = "$(TARGET_NAME:c99extidentifier)";
				SKIP_INSTALL = YES;
				SWIFT_VERSION = 4.0;
				TARGET_NAME = Hash;
			};
			name = Debug;
		};
		OBJ_55 /* Release */ = {
			isa = XCBuildConfiguration;
			buildSettings = {
				ENABLE_TESTABILITY = YES;
				FRAMEWORK_SEARCH_PATHS = (
					"$(inherited)",
					"$(PLATFORM_DIR)/Developer/Library/Frameworks",
				);
				HEADER_SEARCH_PATHS = (
					"$(inherited)",
					"$(SRCROOT)/.build/checkouts/ctls--3121380376349719755",
				);
				INFOPLIST_FILE = SwiftCrypto.xcodeproj/Hash_Info.plist;
				LD_RUNPATH_SEARCH_PATHS = "$(TOOLCHAIN_DIR)/usr/lib/swift/macosx";
				OTHER_LDFLAGS = "$(inherited)";
				OTHER_SWIFT_FLAGS = "$(inherited)";
				PRODUCT_BUNDLE_IDENTIFIER = Hash;
				PRODUCT_MODULE_NAME = "$(TARGET_NAME:c99extidentifier)";
				PRODUCT_NAME = "$(TARGET_NAME:c99extidentifier)";
				SKIP_INSTALL = YES;
				SWIFT_VERSION = 4.0;
				TARGET_NAME = Hash;
			};
			name = Release;
		};
		OBJ_62 /* Debug */ = {
			isa = XCBuildConfiguration;
			buildSettings = {
				ENABLE_TESTABILITY = YES;
				FRAMEWORK_SEARCH_PATHS = (
					"$(inherited)",
					"$(PLATFORM_DIR)/Developer/Library/Frameworks",
				);
				HEADER_SEARCH_PATHS = (
					"$(inherited)",
					"$(SRCROOT)/.build/checkouts/ctls--3121380376349719755",
				);
				INFOPLIST_FILE = SwiftCrypto.xcodeproj/CryptoSupport_Info.plist;
				LD_RUNPATH_SEARCH_PATHS = "$(TOOLCHAIN_DIR)/usr/lib/swift/macosx";
				OTHER_LDFLAGS = "$(inherited)";
				OTHER_SWIFT_FLAGS = "$(inherited)";
				PRODUCT_BUNDLE_IDENTIFIER = CryptoSupport;
				PRODUCT_MODULE_NAME = "$(TARGET_NAME:c99extidentifier)";
				PRODUCT_NAME = "$(TARGET_NAME:c99extidentifier)";
				SKIP_INSTALL = YES;
				SWIFT_VERSION = 4.0;
				TARGET_NAME = CryptoSupport;
			};
			name = Debug;
		};
		OBJ_63 /* Release */ = {
			isa = XCBuildConfiguration;
			buildSettings = {
				ENABLE_TESTABILITY = YES;
				FRAMEWORK_SEARCH_PATHS = (
					"$(inherited)",
					"$(PLATFORM_DIR)/Developer/Library/Frameworks",
				);
				HEADER_SEARCH_PATHS = (
					"$(inherited)",
					"$(SRCROOT)/.build/checkouts/ctls--3121380376349719755",
				);
				INFOPLIST_FILE = SwiftCrypto.xcodeproj/CryptoSupport_Info.plist;
				LD_RUNPATH_SEARCH_PATHS = "$(TOOLCHAIN_DIR)/usr/lib/swift/macosx";
				OTHER_LDFLAGS = "$(inherited)";
				OTHER_SWIFT_FLAGS = "$(inherited)";
				PRODUCT_BUNDLE_IDENTIFIER = CryptoSupport;
				PRODUCT_MODULE_NAME = "$(TARGET_NAME:c99extidentifier)";
				PRODUCT_NAME = "$(TARGET_NAME:c99extidentifier)";
				SKIP_INSTALL = YES;
				SWIFT_VERSION = 4.0;
				TARGET_NAME = CryptoSupport;
			};
			name = Release;
		};
		OBJ_69 /* Debug */ = {
			isa = XCBuildConfiguration;
			buildSettings = {
			};
			name = Debug;
		};
		OBJ_70 /* Release */ = {
			isa = XCBuildConfiguration;
			buildSettings = {
			};
			name = Release;
		};
/* End XCBuildConfiguration section */

/* Begin XCConfigurationList section */
		OBJ_2 /* Build configuration list for PBXProject "SwiftCrypto" */ = {
			isa = XCConfigurationList;
			buildConfigurations = (
				OBJ_3 /* Debug */,
				OBJ_4 /* Release */,
			);
			defaultConfigurationIsVisible = 0;
			defaultConfigurationName = Debug;
		};
		OBJ_24 /* Build configuration list for PBXNativeTarget "SwiftCryptoPackageDescription" */ = {
			isa = XCConfigurationList;
			buildConfigurations = (
				OBJ_25 /* Debug */,
				OBJ_26 /* Release */,
			);
			defaultConfigurationIsVisible = 0;
			defaultConfigurationName = Debug;
		};
		OBJ_30 /* Build configuration list for PBXNativeTarget "SwiftCryptoTests" */ = {
			isa = XCConfigurationList;
			buildConfigurations = (
				OBJ_31 /* Debug */,
				OBJ_32 /* Release */,
			);
			defaultConfigurationIsVisible = 0;
			defaultConfigurationName = Debug;
		};
		OBJ_45 /* Build configuration list for PBXNativeTarget "Signature" */ = {
			isa = XCConfigurationList;
			buildConfigurations = (
				OBJ_46 /* Debug */,
				OBJ_47 /* Release */,
			);
			defaultConfigurationIsVisible = 0;
			defaultConfigurationName = Debug;
		};
		OBJ_53 /* Build configuration list for PBXNativeTarget "Hash" */ = {
			isa = XCConfigurationList;
			buildConfigurations = (
				OBJ_54 /* Debug */,
				OBJ_55 /* Release */,
			);
			defaultConfigurationIsVisible = 0;
			defaultConfigurationName = Debug;
		};
		OBJ_61 /* Build configuration list for PBXNativeTarget "CryptoSupport" */ = {
			isa = XCConfigurationList;
			buildConfigurations = (
				OBJ_62 /* Debug */,
				OBJ_63 /* Release */,
			);
			defaultConfigurationIsVisible = 0;
			defaultConfigurationName = Debug;
		};
		OBJ_68 /* Build configuration list for PBXAggregateTarget "SwiftCryptoPackageTests" */ = {
			isa = XCConfigurationList;
			buildConfigurations = (
				OBJ_69 /* Debug */,
				OBJ_70 /* Release */,
			);
			defaultConfigurationIsVisible = 0;
			defaultConfigurationName = Debug;
		};
/* End XCConfigurationList section */
	};
	rootObject = OBJ_1 /* Project object */;
}
